
Microsoft Visual Studio Solution File, Format Version 12.00
# Visual Studio Version 17
VisualStudioVersion = 17.9.34728.123
MinimumVisualStudioVersion = 10.0.40219.1
Project("{FAE04EC0-301F-11D3-BF4B-00C04F79EFBC}") = "WindowsFormsApp10", "WindowsFormsApp10\WindowsFormsApp10.csproj", "{B9912CC0-CBF8-464F-9BA6-69B2C0CE1C39}"
EndProject
Global
	GlobalSection(SolutionConfigurationPlatforms) = preSolution
		Debug|Any CPU = Debug|Any CPU
		Release|Any CPU = Release|Any CPU
	EndGlobalSection
	GlobalSection(ProjectConfigurationPlatforms) = postSolution
		{B9912CC0-CBF8-464F-9BA6-69B2C0CE1C39}.Debug|Any CPU.ActiveCfg = Debug|Any CPU
		{B9912CC0-CBF8-464F-9BA6-69B2C0CE1C39}.Debug|Any CPU.Build.0 = Debug|Any CPU
		{B9912CC0-CBF8-464F-9BA6-69B2C0CE1C39}.Release|Any CPU.ActiveCfg = Release|Any CPU
		{B9912CC0-CBF8-464F-9BA6-69B2C0CE1C39}.Release|Any CPU.Build.0 = Release|Any CPU
	EndGlobalSection
	GlobalSection(SolutionProperties) = preSolution
		HideSolutionNode = FALSE
	EndGlobalSection
	GlobalSection(ExtensibilityGlobals) = postSolution
		SolutionGuid = {2E900BCE-5A26-4428-BAB2-CEB76CC67250}
	EndGlobalSection
EndGlobal
